
Microsoft Visual Studio Solution File, Format Version 12.00
# Visual Studio Version 16
VisualStudioVersion = 16.0.31624.102
MinimumVisualStudioVersion = 10.0.40219.1
Project("{8BC9CEB8-8B4A-11D0-8D11-00A0C91BC942}") = "S-SingleResponsibilityPrinciple_SRP", "S-SingleResponsibilityPrinciple_SRP\S-SingleResponsibilityPrinciple_SRP.vcxproj", "{319C7C71-580E-4A5D-BBA7-73B98722243D}"
EndProject
Project("{8BC9CEB8-8B4A-11D0-8D11-00A0C91BC942}") = "O-OpenClosedPrinciple_OCP", "O-OpenClosedPrinciple_OCP\O-OpenClosedPrinciple_OCP.vcxproj", "{7DB201F4-7D10-4042-9A85-18536A287E60}"
EndProject
Project("{8BC9CEB8-8B4A-11D0-8D11-00A0C91BC942}") = "L-LiskovSubstitutionPrinciple_LSP", "L-LiskovSubstitutionPrinciple_LSP\L-LiskovSubstitutionPrinciple_LSP.vcxproj", "{6E8558FC-CF51-46E9-894D-E28F55036C2E}"
EndProject
Project("{8BC9CEB8-8B4A-11D0-8D11-00A0C91BC942}") = "I-InterfaceSegregationPrinciple_ISP", "I-InterfaceSegregationPrinciple_ISP\I-InterfaceSegregationPrinciple_ISP.vcxproj", "{49245930-01BA-47B1-B9EF-17254B9FC0ED}"
EndProject
Global
	GlobalSection(SolutionConfigurationPlatforms) = preSolution
		Debug|x64 = Debug|x64
		Debug|x86 = Debug|x86
		Release|x64 = Release|x64
		Release|x86 = Release|x86
	EndGlobalSection
	GlobalSection(ProjectConfigurationPlatforms) = postSolution
		{319C7C71-580E-4A5D-BBA7-73B98722243D}.Debug|x64.ActiveCfg = Debug|x64
		{319C7C71-580E-4A5D-BBA7-73B98722243D}.Debug|x64.Build.0 = Debug|x64
		{319C7C71-580E-4A5D-BBA7-73B98722243D}.Debug|x86.ActiveCfg = Debug|Win32
		{319C7C71-580E-4A5D-BBA7-73B98722243D}.Debug|x86.Build.0 = Debug|Win32
		{319C7C71-580E-4A5D-BBA7-73B98722243D}.Release|x64.ActiveCfg = Release|x64
		{319C7C71-580E-4A5D-BBA7-73B98722243D}.Release|x64.Build.0 = Release|x64
		{319C7C71-580E-4A5D-BBA7-73B98722243D}.Release|x86.ActiveCfg = Release|Win32
		{319C7C71-580E-4A5D-BBA7-73B98722243D}.Release|x86.Build.0 = Release|Win32
		{7DB201F4-7D10-4042-9A85-18536A287E60}.Debug|x64.ActiveCfg = Debug|x64
		{7DB201F4-7D10-4042-9A85-18536A287E60}.Debug|x64.Build.0 = Debug|x64
		{7DB201F4-7D10-4042-9A85-18536A287E60}.Debug|x86.ActiveCfg = Debug|Win32
		{7DB201F4-7D10-4042-9A85-18536A287E60}.Debug|x86.Build.0 = Debug|Win32
		{7DB201F4-7D10-4042-9A85-18536A287E60}.Release|x64.ActiveCfg = Release|x64
		{7DB201F4-7D10-4042-9A85-18536A287E60}.Release|x64.Build.0 = Release|x64
		{7DB201F4-7D10-4042-9A85-18536A287E60}.Release|x86.ActiveCfg = Release|Win32
		{7DB201F4-7D10-4042-9A85-18536A287E60}.Release|x86.Build.0 = Release|Win32
		{6E8558FC-CF51-46E9-894D-E28F55036C2E}.Debug|x64.ActiveCfg = Debug|x64
		{6E8558FC-CF51-46E9-894D-E28F55036C2E}.Debug|x64.Build.0 = Debug|x64
		{6E8558FC-CF51-46E9-894D-E28F55036C2E}.Debug|x86.ActiveCfg = Debug|Win32
		{6E8558FC-CF51-46E9-894D-E28F55036C2E}.Debug|x86.Build.0 = Debug|Win32
		{6E8558FC-CF51-46E9-894D-E28F55036C2E}.Release|x64.ActiveCfg = Release|x64
		{6E8558FC-CF51-46E9-894D-E28F55036C2E}.Release|x64.Build.0 = Release|x64
		{6E8558FC-CF51-46E9-894D-E28F55036C2E}.Release|x86.ActiveCfg = Release|Win32
		{6E8558FC-CF51-46E9-894D-E28F55036C2E}.Release|x86.Build.0 = Release|Win32
		{49245930-01BA-47B1-B9EF-17254B9FC0ED}.Debug|x64.ActiveCfg = Debug|x64
		{49245930-01BA-47B1-B9EF-17254B9FC0ED}.Debug|x64.Build.0 = Debug|x64
		{49245930-01BA-47B1-B9EF-17254B9FC0ED}.Debug|x86.ActiveCfg = Debug|Win32
		{49245930-01BA-47B1-B9EF-17254B9FC0ED}.Debug|x86.Build.0 = Debug|Win32
		{49245930-01BA-47B1-B9EF-17254B9FC0ED}.Release|x64.ActiveCfg = Release|x64
		{49245930-01BA-47B1-B9EF-17254B9FC0ED}.Release|x64.Build.0 = Release|x64
		{49245930-01BA-47B1-B9EF-17254B9FC0ED}.Release|x86.ActiveCfg = Release|Win32
		{49245930-01BA-47B1-B9EF-17254B9FC0ED}.Release|x86.Build.0 = Release|Win32
	EndGlobalSection
	GlobalSection(SolutionProperties) = preSolution
		HideSolutionNode = FALSE
	EndGlobalSection
	GlobalSection(ExtensibilityGlobals) = postSolution
		SolutionGuid = {1B2822B8-6AD8-4251-9FC5-3D4FE37E6BB8}
	EndGlobalSection
EndGlobal
